
Microsoft Visual Studio Solution File, Format Version 12.00
# Visual Studio Version 16
VisualStudioVersion = 16.0.30517.126
MinimumVisualStudioVersion = 10.0.40219.1
Project("{FAE04EC0-301F-11D3-BF4B-00C04F79EFBC}") = "NewKursach", "NewKursach.csproj", "{A715A095-5778-48FB-A09C-D6DC86366DFF}"
EndProject
Global
	GlobalSection(SolutionConfigurationPlatforms) = preSolution
		Debug|Any CPU = Debug|Any CPU
		Release|Any CPU = Release|Any CPU
	EndGlobalSection
	GlobalSection(ProjectConfigurationPlatforms) = postSolution
		{A715A095-5778-48FB-A09C-D6DC86366DFF}.Debug|Any CPU.ActiveCfg = Debug|Any CPU
		{A715A095-5778-48FB-A09C-D6DC86366DFF}.Debug|Any CPU.Build.0 = Debug|Any CPU
		{A715A095-5778-48FB-A09C-D6DC86366DFF}.Release|Any CPU.ActiveCfg = Release|Any CPU
		{A715A095-5778-48FB-A09C-D6DC86366DFF}.Release|Any CPU.Build.0 = Release|Any CPU
	EndGlobalSection
	GlobalSection(SolutionProperties) = preSolution
		HideSolutionNode = FALSE
	EndGlobalSection
	GlobalSection(ExtensibilityGlobals) = postSolution
		SolutionGuid = {AD8ACFFD-DB5C-412C-BAFD-B1D8780A9383}
	EndGlobalSection
EndGlobal
